
Microsoft Visual Studio Solution File, Format Version 12.00
# Visual Studio 15
VisualStudioVersion = 15.0.28307.168
MinimumVisualStudioVersion = 10.0.40219.1
Project("{FAE04EC0-301F-11D3-BF4B-00C04F79EFBC}") = "YYTEstimator", "YYTEstimator\YYTEstimator.csproj", "{EE7B474E-6BAA-47CB-BDA9-0BFA289E6E54}"
EndProject
Global
	GlobalSection(SolutionConfigurationPlatforms) = preSolution
		Debug|Any CPU = Debug|Any CPU
		Release|Any CPU = Release|Any CPU
	EndGlobalSection
	GlobalSection(ProjectConfigurationPlatforms) = postSolution
		{EE7B474E-6BAA-47CB-BDA9-0BFA289E6E54}.Debug|Any CPU.ActiveCfg = Debug|Any CPU
		{EE7B474E-6BAA-47CB-BDA9-0BFA289E6E54}.Debug|Any CPU.Build.0 = Debug|Any CPU
		{EE7B474E-6BAA-47CB-BDA9-0BFA289E6E54}.Release|Any CPU.ActiveCfg = Release|Any CPU
		{EE7B474E-6BAA-47CB-BDA9-0BFA289E6E54}.Release|Any CPU.Build.0 = Release|Any CPU
	EndGlobalSection
	GlobalSection(SolutionProperties) = preSolution
		HideSolutionNode = FALSE
	EndGlobalSection
	GlobalSection(ExtensibilityGlobals) = postSolution
		SolutionGuid = {5B2FA1E6-D446-44AE-85ED-161CC688DE43}
	EndGlobalSection
EndGlobal
